
Microsoft Visual Studio Solution File, Format Version 12.00
# Visual Studio Version 17
VisualStudioVersion = 17.9.34728.123
MinimumVisualStudioVersion = 10.0.40219.1
Project("{FAE04EC0-301F-11D3-BF4B-00C04F79EFBC}") = "EmployeePayrollApp", "EmployeePayrollApp.csproj", "{DDDCA098-B887-4DC3-8A3C-1908F7B4DA01}"
EndProject
Global
	GlobalSection(SolutionConfigurationPlatforms) = preSolution
		Debug|Any CPU = Debug|Any CPU
		Release|Any CPU = Release|Any CPU
	EndGlobalSection
	GlobalSection(ProjectConfigurationPlatforms) = postSolution
		{DDDCA098-B887-4DC3-8A3C-1908F7B4DA01}.Debug|Any CPU.ActiveCfg = Debug|Any CPU
		{DDDCA098-B887-4DC3-8A3C-1908F7B4DA01}.Debug|Any CPU.Build.0 = Debug|Any CPU
		{DDDCA098-B887-4DC3-8A3C-1908F7B4DA01}.Release|Any CPU.ActiveCfg = Release|Any CPU
		{DDDCA098-B887-4DC3-8A3C-1908F7B4DA01}.Release|Any CPU.Build.0 = Release|Any CPU
	EndGlobalSection
	GlobalSection(SolutionProperties) = preSolution
		HideSolutionNode = FALSE
	EndGlobalSection
	GlobalSection(ExtensibilityGlobals) = postSolution
		SolutionGuid = {A54B74E8-66C3-4B74-9902-29408944689F}
	EndGlobalSection
EndGlobal
